Microsoft Visual Studio Solution File, Format Version 12.00
# Visual Studio Version 17
VisualStudioVersion = 17.5.2.0
MinimumVisualStudioVersion = 10.0.40219.1
Project("{FAE04EC0-301F-11D3-BF4B-00C04F79EFBC}") = "yogloansdotnet", "yogloansdotnet.csproj", "{833EF0BC-D330-752A-A86F-8FFA59B337D1}"
EndProject
Global
	GlobalSection(SolutionConfigurationPlatforms) = preSolution
		Debug|Any CPU = Debug|Any CPU
		Release|Any CPU = Release|Any CPU
	EndGlobalSection
	GlobalSection(ProjectConfigurationPlatforms) = postSolution
		{833EF0BC-D330-752A-A86F-8FFA59B337D1}.Debug|Any CPU.ActiveCfg = Debug|Any CPU
		{833EF0BC-D330-752A-A86F-8FFA59B337D1}.Debug|Any CPU.Build.0 = Debug|Any CPU
		{833EF0BC-D330-752A-A86F-8FFA59B337D1}.Release|Any CPU.ActiveCfg = Release|Any CPU
		{833EF0BC-D330-752A-A86F-8FFA59B337D1}.Release|Any CPU.Build.0 = Release|Any CPU
	EndGlobalSection
	GlobalSection(SolutionProperties) = preSolution
		HideSolutionNode = FALSE
	EndGlobalSection
	GlobalSection(ExtensibilityGlobals) = postSolution
		SolutionGuid = {27A05A3B-D9F8-4693-936D-5E268BE21DA4}
	EndGlobalSection
EndGlobal
